PODS:
  - FCAlertView (1.4.0)
  - QRCode (2.0)
  - SnapKit (4.0.0)
  - SVProgressHUD (2.2.2)
  - SwiftMessages (4.0.0)
  - VCSwiftToolkit (0.1.7):
    - QRCode (= 2.0)
  - VCUIKit (0.4.6):
    - FCAlertView (~> 1.4)
    - SnapKit (~> 4.0.0)
    - SVProgressHUD (~> 2.2.1)
    - SwiftMessages (~> 4.0.0)
    - VCSwiftToolkit (~> 0.1.7)

DEPENDENCIES:
  - FCAlertView (~> 1.4)
  - SnapKit (~> 4.0.0)
  - SVProgressHUD (~> 2.2.1)
  - SwiftMessages (~> 4.0.0)
  - VCSwiftToolkit (~> 0.1.7)
  - VCUIKit (from `../`)

EXTERNAL SOURCES:
  VCUIKit:
    :path: ../

SPEC CHECKSUMS:
  FCAlertView: fdddd63381898c1d1a5a20c9f084fbd2c6d12f8b
  QRCode: f98a1886c8f37523704a7512a4c0cd45b34c18a4
  SnapKit: a42d492c16e80209130a3379f73596c3454b7694
  SVProgressHUD: 59b2d3dabacbd051576d21d32293ca7228dc18b0
  SwiftMessages: cd565e0e7d095584be1770c012c6b5be4183b5ee
  VCSwiftToolkit: cc60a884b374eab40711ed67cdc10a78513328dc
  VCUIKit: 125c0d5f4ec0551815f75ce446853e7c6e1ec843

PODFILE CHECKSUM: 807a40742c6ddae293060a0170b1e4fb769dda70

COCOAPODS: 1.3.1
